
Microsoft Visual Studio Solution File, Format Version 12.00
# Visual Studio 2013
VisualStudioVersion = 12.0.40629.0
MinimumVisualStudioVersion = 10.0.40219.1
Project("{FAE04EC0-301F-11D3-BF4B-00C04F79EFBC}") = "LoL Dex 2016", "LoL Dex 2016\LoL Dex 2016.csproj", "{1110B688-A42E-448F-8DC2-BF7889AE9CD3}"
	ProjectSection(ProjectDependencies) = postProject
		{D918A802-9A53-44B8-BEBB-754E86FEEC49} = {D918A802-9A53-44B8-BEBB-754E86FEEC49}
		{68C09E64-EC3B-4CDB-84AD-8FD232EAB9C6} = {68C09E64-EC3B-4CDB-84AD-8FD232EAB9C6}
		{A29C117B-6773-4671-B240-087FC0944A72} = {A29C117B-6773-4671-B240-087FC0944A72}
	EndProjectSection
EndProject
Project("{FAE04EC0-301F-11D3-BF4B-00C04F79EFBC}") = "CompData", "CompData\CompData.csproj", "{68C09E64-EC3B-4CDB-84AD-8FD232EAB9C6}"
EndProject
Project("{FAE04EC0-301F-11D3-BF4B-00C04F79EFBC}") = "CompLogic", "CompLogic\CompLogic.csproj", "{A29C117B-6773-4671-B240-087FC0944A72}"
	ProjectSection(ProjectDependencies) = postProject
		{68C09E64-EC3B-4CDB-84AD-8FD232EAB9C6} = {68C09E64-EC3B-4CDB-84AD-8FD232EAB9C6}
	EndProjectSection
EndProject
Project("{FAE04EC0-301F-11D3-BF4B-00C04F79EFBC}") = "CompUI", "CompUI\CompUI.csproj", "{D918A802-9A53-44B8-BEBB-754E86FEEC49}"
	ProjectSection(ProjectDependencies) = postProject
		{A29C117B-6773-4671-B240-087FC0944A72} = {A29C117B-6773-4671-B240-087FC0944A72}
	EndProjectSection
EndProject
Project("{FAE04EC0-301F-11D3-BF4B-00C04F79EFBC}") = "Test", "Start\Test.csproj", "{07698CB0-5A2C-496E-B4B1-CBD933E571BA}"
	ProjectSection(ProjectDependencies) = postProject
		{D918A802-9A53-44B8-BEBB-754E86FEEC49} = {D918A802-9A53-44B8-BEBB-754E86FEEC49}
		{68C09E64-EC3B-4CDB-84AD-8FD232EAB9C6} = {68C09E64-EC3B-4CDB-84AD-8FD232EAB9C6}
		{A29C117B-6773-4671-B240-087FC0944A72} = {A29C117B-6773-4671-B240-087FC0944A72}
	EndProjectSection
EndProject
Project("{2150E333-8FDC-42A3-9474-1A3956D46DE8}") = "Images", "Images", "{7C2602CC-D126-4247-8818-2B9C5AC07868}"
	ProjectSection(SolutionItems) = preProject
		..\Images\Aatrox.png = ..\Images\Aatrox.png
		..\Images\Aatrox_Passive.png = ..\Images\Aatrox_Passive.png
		..\Images\AatroxE.png = ..\Images\AatroxE.png
		..\Images\AatroxQ.png = ..\Images\AatroxQ.png
		..\Images\AatroxR.png = ..\Images\AatroxR.png
		..\Images\AatroxW.png = ..\Images\AatroxW.png
		..\Images\Ahri.png = ..\Images\Ahri.png
		..\Images\Ahri_SoulEater.png = ..\Images\Ahri_SoulEater.png
		..\Images\AhriFoxFire.png = ..\Images\AhriFoxFire.png
		..\Images\AhriOrbofDeception.png = ..\Images\AhriOrbofDeception.png
		..\Images\AhriSeduce.png = ..\Images\AhriSeduce.png
		..\Images\AhriTumble.png = ..\Images\AhriTumble.png
		..\Images\Akali.png = ..\Images\Akali.png
		..\Images\AkaliMota.png = ..\Images\AkaliMota.png
		..\Images\AkaliShadowDance.png = ..\Images\AkaliShadowDance.png
		..\Images\AkaliShadowSwipe.png = ..\Images\AkaliShadowSwipe.png
		..\Images\AkaliSmokeBomb.png = ..\Images\AkaliSmokeBomb.png
		..\Images\AkaliTwinDisciplines.png = ..\Images\AkaliTwinDisciplines.png
		..\Images\Alistar.png = ..\Images\Alistar.png
		..\Images\Alistar_Passive.png = ..\Images\Alistar_Passive.png
		..\Images\Amumu.png = ..\Images\Amumu.png
		..\Images\Anivia.png = ..\Images\Anivia.png
		..\Images\Anivia_P.png = ..\Images\Anivia_P.png
		..\Images\Annie.png = ..\Images\Annie.png
		..\Images\Annie_Passive.png = ..\Images\Annie_Passive.png
		..\Images\Armsmaster_MasterOfArms.png = ..\Images\Armsmaster_MasterOfArms.png
		..\Images\Ashe.png = ..\Images\Ashe.png
		..\Images\Ashe_P.png = ..\Images\Ashe_P.png
		..\Images\AsheQ.png = ..\Images\AsheQ.png
		..\Images\AsheSpiritOfTheHawk.png = ..\Images\AsheSpiritOfTheHawk.png
		..\Images\AuraofDespair.png = ..\Images\AuraofDespair.png
		..\Images\AurelionSol.png = ..\Images\AurelionSol.png
		..\Images\AurelionSol_Passive.png = ..\Images\AurelionSol_Passive.png
		..\Images\AurelionSolE.png = ..\Images\AurelionSolE.png
		..\Images\AurelionSolQ.png = ..\Images\AurelionSolQ.png
		..\Images\AurelionSolR.png = ..\Images\AurelionSolR.png
		..\Images\AurelionSolW.png = ..\Images\AurelionSolW.png
		..\Images\Azir.png = ..\Images\Azir.png
		..\Images\Azir_Passive.png = ..\Images\Azir_Passive.png
		..\Images\AzirEWrapper.png = ..\Images\AzirEWrapper.png
		..\Images\AzirQWrapper.png = ..\Images\AzirQWrapper.png
		..\Images\AzirR.png = ..\Images\AzirR.png
		..\Images\AzirW.png = ..\Images\AzirW.png
		..\Images\BandageToss.png = ..\Images\BandageToss.png
		..\Images\Bard.png = ..\Images\Bard.png
		..\Images\BardE.png = ..\Images\BardE.png
		..\Images\BardQ.png = ..\Images\BardQ.png
		..\Images\BardR.png = ..\Images\BardR.png
		..\Images\BardW.png = ..\Images\BardW.png
		..\Images\Blitzcrank.png = ..\Images\Blitzcrank.png
		..\Images\Blitzcrank_ManaBarrier.png = ..\Images\Blitzcrank_ManaBarrier.png
		..\Images\Brand.png = ..\Images\Brand.png
		..\Images\BrandE.png = ..\Images\BrandE.png
		..\Images\BrandP.png = ..\Images\BrandP.png
		..\Images\BrandQ.png = ..\Images\BrandQ.png
		..\Images\BrandR.png = ..\Images\BrandR.png
		..\Images\BrandW.png = ..\Images\BrandW.png
		..\Images\Braum.png = ..\Images\Braum.png
		..\Images\Braum_Passive.png = ..\Images\Braum_Passive.png
		..\Images\BraumE.png = ..\Images\BraumE.png
		..\Images\BraumQ.png = ..\Images\BraumQ.png
		..\Images\BraumRWrapper.png = ..\Images\BraumRWrapper.png
		..\Images\BraumW.png = ..\Images\BraumW.png
		..\Images\BurningAgony.png = ..\Images\BurningAgony.png
		..\Images\Caitlyn.png = ..\Images\Caitlyn.png
		..\Images\Caitlyn_Headshot.png = ..\Images\Caitlyn_Headshot.png
		..\Images\CaitlynAceintheHole.png = ..\Images\CaitlynAceintheHole.png
		..\Images\CaitlynEntrapment.png = ..\Images\CaitlynEntrapment.png
		..\Images\CaitlynPiltoverPeacemaker.png = ..\Images\CaitlynPiltoverPeacemaker.png
		..\Images\CaitlynYordleTrap.png = ..\Images\CaitlynYordleTrap.png
		..\Images\CarpetBomb.png = ..\Images\CarpetBomb.png
		..\Images\Chogath.png = ..\Images\Chogath.png
		..\Images\Corki.png = ..\Images\Corki.png
		..\Images\Corki_RapidReload.png = ..\Images\Corki_RapidReload.png
		..\Images\Crowstorm.png = ..\Images\Crowstorm.png
		..\Images\Crystallize.png = ..\Images\Crystallize.png
		..\Images\CurseoftheSadMummy.png = ..\Images\CurseoftheSadMummy.png
		..\Images\Darius.png = ..\Images\Darius.png
		..\Images\Darius_PassiveBuff.png = ..\Images\Darius_PassiveBuff.png
		..\Images\DariusCleave.png = ..\Images\DariusCleave.png
		..\Images\DariusExecute.png = ..\Images\DariusExecute.png
		..\Images\DariusNoxianTacticsONH.png = ..\Images\DariusNoxianTacticsONH.png
		..\Images\Diana.png = ..\Images\Diana.png
		..\Images\Diana_Passive_LunarBlade.png = ..\Images\Diana_Passive_LunarBlade.png
		..\Images\DianaArc.png = ..\Images\DianaArc.png
		..\Images\DianaOrbs.png = ..\Images\DianaOrbs.png
		..\Images\DianaTeleport.png = ..\Images\DianaTeleport.png
		..\Images\DianaVortex.png = ..\Images\DianaVortex.png
		..\Images\Disintegrate.png = ..\Images\Disintegrate.png
		..\Images\Drain.png = ..\Images\Drain.png
		..\Images\Draven.png = ..\Images\Draven.png
		..\Images\Draven_passive.png = ..\Images\Draven_passive.png
		..\Images\DravenDoubleShot.png = ..\Images\DravenDoubleShot.png
		..\Images\DravenFury.png = ..\Images\DravenFury.png
		..\Images\DravenRCast.png = ..\Images\DravenRCast.png
		..\Images\DravenSpinning.png = ..\Images\DravenSpinning.png
		..\Images\DrMundo.png = ..\Images\DrMundo.png
		..\Images\DrMundo_AdrenalineRush2.png = ..\Images\DrMundo_AdrenalineRush2.png
		..\Images\Ekko.png = ..\Images\Ekko.png
		..\Images\Ekko_P.png = ..\Images\Ekko_P.png
		..\Images\EkkoE.png = ..\Images\EkkoE.png
		..\Images\EkkoQ.png = ..\Images\EkkoQ.png
		..\Images\EkkoR.png = ..\Images\EkkoR.png
		..\Images\EkkoW.png = ..\Images\EkkoW.png
		..\Images\Elise _ League of Legends.html = ..\Images\Elise _ League of Legends.html
		..\Images\Elise.png = ..\Images\Elise.png
		..\Images\EliseHumanE.png = ..\Images\EliseHumanE.png
		..\Images\EliseHumanQ.png = ..\Images\EliseHumanQ.png
		..\Images\EliseHumanW.png = ..\Images\EliseHumanW.png
		..\Images\ElisePassive.png = ..\Images\ElisePassive.png
		..\Images\EliseR.png = ..\Images\EliseR.png
		..\Images\EnchantedCrystalArrow.png = ..\Images\EnchantedCrystalArrow.png
		..\Images\Evelynn.png = ..\Images\Evelynn.png
		..\Images\Evelynn_ShadowWalk.png = ..\Images\Evelynn_ShadowWalk.png
		..\Images\EvelynnE.png = ..\Images\EvelynnE.png
		..\Images\EvelynnQ.png = ..\Images\EvelynnQ.png
		..\Images\EvelynnR.png = ..\Images\EvelynnR.png
		..\Images\EvelynnW.png = ..\Images\EvelynnW.png
		..\Images\EyeOfTheStorm.png = ..\Images\EyeOfTheStorm.png
		..\Images\Ezreal.png = ..\Images\Ezreal.png
		..\Images\Ezreal_RisingSpellForce.png = ..\Images\Ezreal_RisingSpellForce.png
		..\Images\EzrealArcaneShift.png = ..\Images\EzrealArcaneShift.png
		..\Images\EzrealEssenceFlux.png = ..\Images\EzrealEssenceFlux.png
		..\Images\EzrealTrueshotBarrage.png = ..\Images\EzrealTrueshotBarrage.png
		..\Images\Feast.png = ..\Images\Feast.png
		..\Images\FeralScream.png = ..\Images\FeralScream.png
		..\Images\FerociousHowl.png = ..\Images\FerociousHowl.png
		..\Images\FiddleSticks.png = ..\Images\FiddleSticks.png
		..\Images\Fiddlesticks_Passive.png = ..\Images\Fiddlesticks_Passive.png
		..\Images\FiddlesticksDarkWind.png = ..\Images\FiddlesticksDarkWind.png
		..\Images\Fiora.png = ..\Images\Fiora.png
		..\Images\Fiora_P.png = ..\Images\Fiora_P.png
		..\Images\FioraE.png = ..\Images\FioraE.png
		..\Images\FioraQ.png = ..\Images\FioraQ.png
		..\Images\FioraR.png = ..\Images\FioraR.png
		..\Images\FioraW.png = ..\Images\FioraW.png
		..\Images\Fizz.jpg = ..\Images\Fizz.jpg
		..\Images\FizzJump (1).png = ..\Images\FizzJump (1).png
		..\Images\FizzJump.png = ..\Images\FizzJump.png
		..\Images\FizzMarinerDoom.png = ..\Images\FizzMarinerDoom.png
		..\Images\FizzPassive.png = ..\Images\FizzPassive.png
		..\Images\FizzPiercingStrike.png = ..\Images\FizzPiercingStrike.png
		..\Images\FizzSeastonePassive.png = ..\Images\FizzSeastonePassive.png
		..\Images\FlashFrost.png = ..\Images\FlashFrost.png
		..\Images\ForcePulse.png = ..\Images\ForcePulse.png
		..\Images\Frostbite.png = ..\Images\Frostbite.png
		..\Images\Galio.png = ..\Images\Galio.png
		..\Images\Galio_RunicSkin.png = ..\Images\Galio_RunicSkin.png
		..\Images\GalioBulwark.png = ..\Images\GalioBulwark.png
		..\Images\GalioIdolOfDurand.png = ..\Images\GalioIdolOfDurand.png
		..\Images\GalioResoluteSmite.png = ..\Images\GalioResoluteSmite.png
		..\Images\GalioRighteousGust.png = ..\Images\GalioRighteousGust.png
		..\Images\Gangplank.png = ..\Images\Gangplank.png
		..\Images\Gangplank_Passive.png = ..\Images\Gangplank_Passive.png
		..\Images\GangplankE.png = ..\Images\GangplankE.png
		..\Images\GangplankQWrapper.png = ..\Images\GangplankQWrapper.png
		..\Images\GangplankR.png = ..\Images\GangplankR.png
		..\Images\GangplankW.png = ..\Images\GangplankW.png
		..\Images\Garen.png = ..\Images\Garen.png
		..\Images\Garen_Passive.png = ..\Images\Garen_Passive.png
		..\Images\GarenE.png = ..\Images\GarenE.png
		..\Images\GarenQ.png = ..\Images\GarenQ.png
		..\Images\GarenR.png = ..\Images\GarenR.png
		..\Images\GarenW.png = ..\Images\GarenW.png
		..\Images\GGun.png = ..\Images\GGun.png
		..\Images\GlacialStorm.png = ..\Images\GlacialStorm.png
		..\Images\Gnar.png = ..\Images\Gnar.png
		..\Images\Gnar_Passive.png = ..\Images\Gnar_Passive.png
		..\Images\GnarE.png = ..\Images\GnarE.png
		..\Images\GnarQ.png = ..\Images\GnarQ.png
		..\Images\GnarR.png = ..\Images\GnarR.png
		..\Images\GnarW.png = ..\Images\GnarW.png
		..\Images\Gragas.png = ..\Images\Gragas.png
		..\Images\GragasE.png = ..\Images\GragasE.png
		..\Images\GragasPassiveHeal.png = ..\Images\GragasPassiveHeal.png
		..\Images\GragasQ.png = ..\Images\GragasQ.png
		..\Images\GragasR.png = ..\Images\GragasR.png
		..\Images\GragasW.png = ..\Images\GragasW.png
		..\Images\Graves.png = ..\Images\Graves.png
		..\Images\GravesChargeShot.png = ..\Images\GravesChargeShot.png
		..\Images\GravesMove.png = ..\Images\GravesMove.png
		..\Images\GravesQLineSpell.png = ..\Images\GravesQLineSpell.png
		..\Images\GravesSmokeGrenade.png = ..\Images\GravesSmokeGrenade.png
		..\Images\GravesTrueGrit.png = ..\Images\GravesTrueGrit.png
		..\Images\GreenTerror_TailSpike.png = ..\Images\GreenTerror_TailSpike.png
		..\Images\Headbutt.png = ..\Images\Headbutt.png
		..\Images\Hecarim.png = ..\Images\Hecarim.png
		..\Images\Hecarim_Passive.png = ..\Images\Hecarim_Passive.png
		..\Images\HecarimRamp.png = ..\Images\HecarimRamp.png
		..\Images\HecarimRapidSlash.png = ..\Images\HecarimRapidSlash.png
		..\Images\HecarimUlt.png = ..\Images\HecarimUlt.png
		..\Images\HecarimW.png = ..\Images\HecarimW.png
		..\Images\Heimerdinger.png = ..\Images\Heimerdinger.png
		..\Images\Heimerdinger_Passive.png = ..\Images\Heimerdinger_Passive.png
		..\Images\HeimerdingerE.png = ..\Images\HeimerdingerE.png
		..\Images\HeimerdingerQ.png = ..\Images\HeimerdingerQ.png
		..\Images\HeimerdingerR.png = ..\Images\HeimerdingerR.png
		..\Images\HeimerdingerW.png = ..\Images\HeimerdingerW.png
		..\Images\HowlingGale.png = ..\Images\HowlingGale.png
		..\Images\Illaoi.png = ..\Images\Illaoi.png
		..\Images\Illaoi_P.png = ..\Images\Illaoi_P.png
		..\Images\IllaoiE.png = ..\Images\IllaoiE.png
		..\Images\IllaoiQ.png = ..\Images\IllaoiQ.png
		..\Images\IllaoiR.png = ..\Images\IllaoiR.png
		..\Images\IllaoiW.png = ..\Images\IllaoiW.png
		..\Images\Incinerate.png = ..\Images\Incinerate.png
		..\Images\InfectedCleaverMissileCast.png = ..\Images\InfectedCleaverMissileCast.png
		..\Images\InfernalGuardian.png = ..\Images\InfernalGuardian.png
		..\Images\Irelia.png = ..\Images\Irelia.png
		..\Images\Irelia_IonianFervor.png = ..\Images\Irelia_IonianFervor.png
		..\Images\IreliaEquilibriumStrike.png = ..\Images\IreliaEquilibriumStrike.png
		..\Images\IreliaGatotsu.png = ..\Images\IreliaGatotsu.png
		..\Images\IreliaHitenStyle.png = ..\Images\IreliaHitenStyle.png
		..\Images\IreliaTranscendentBlades.png = ..\Images\IreliaTranscendentBlades.png
		..\Images\Janna.png = ..\Images\Janna.png
		..\Images\Janna_Tailwind.png = ..\Images\Janna_Tailwind.png
		..\Images\Jarvan.png = ..\Images\Jarvan.png
		..\Images\JarvanIV_MartialCadence.png = ..\Images\JarvanIV_MartialCadence.png
		..\Images\JarvanIVCataclysm.png = ..\Images\JarvanIVCataclysm.png
		..\Images\JarvanIVDemacianStandard.png = ..\Images\JarvanIVDemacianStandard.png
		..\Images\JarvanIVDragonStrike.png = ..\Images\JarvanIVDragonStrike.png
		..\Images\JarvanIVGoldenAegis.png = ..\Images\JarvanIVGoldenAegis.png
		..\Images\Jax.png = ..\Images\Jax.png
		..\Images\JaxCounterStrike.png = ..\Images\JaxCounterStrike.png
		..\Images\JaxEmpowerTwo.png = ..\Images\JaxEmpowerTwo.png
		..\Images\JaxLeapStrike.png = ..\Images\JaxLeapStrike.png
		..\Images\JaxRelentlessAssault.png = ..\Images\JaxRelentlessAssault.png
		..\Images\Jayce.png = ..\Images\Jayce.png
		..\Images\Jayce_Passive.png = ..\Images\Jayce_Passive.png
		..\Images\JayceStanceHtG.png = ..\Images\JayceStanceHtG.png
		..\Images\JayceStaticField.png = ..\Images\JayceStaticField.png
		..\Images\JayceThunderingBlow.png = ..\Images\JayceThunderingBlow.png
		..\Images\JayceToTheSkies.png = ..\Images\JayceToTheSkies.png
		..\Images\Jhin.png = ..\Images\Jhin.png
		..\Images\Jhin_P.png = ..\Images\Jhin_P.png
		..\Images\JhinE.png = ..\Images\JhinE.png
		..\Images\JhinQ.png = ..\Images\JhinQ.png
		..\Images\JhinR.png = ..\Images\JhinR.png
		..\Images\JhinW.png = ..\Images\JhinW.png
		..\Images\Jinx.png = ..\Images\Jinx.png
		..\Images\Jinx_Passive.png = ..\Images\Jinx_Passive.png
		..\Images\JinxE.png = ..\Images\JinxE.png
		..\Images\JinxQ.png = ..\Images\JinxQ.png
		..\Images\JinxR.png = ..\Images\JinxR.png
		..\Images\JinxW.png = ..\Images\JinxW.png
		..\Images\JudicatorDivineBlessing.png = ..\Images\JudicatorDivineBlessing.png
		..\Images\JudicatorIntervention.png = ..\Images\JudicatorIntervention.png
		..\Images\JudicatorReckoning.png = ..\Images\JudicatorReckoning.png
		..\Images\JudicatorRighteousFury.png = ..\Images\JudicatorRighteousFury.png
		..\Images\Kalista.png = ..\Images\Kalista.png
		..\Images\Kalista_Passive.png = ..\Images\Kalista_Passive.png
		..\Images\KalistaExpungeWrapper.png = ..\Images\KalistaExpungeWrapper.png
		..\Images\KalistaMysticShot.png = ..\Images\KalistaMysticShot.png
		..\Images\KalistaRx.png = ..\Images\KalistaRx.png
		..\Images\KalistaW.png = ..\Images\KalistaW.png
		..\Images\Karma.png = ..\Images\Karma.png
		..\Images\Karma_Passive.png = ..\Images\Karma_Passive.png
		..\Images\KarmaMantra.png = ..\Images\KarmaMantra.png
		..\Images\KarmaQ.png = ..\Images\KarmaQ.png
		..\Images\KarmaSolKimShield.png = ..\Images\KarmaSolKimShield.png
		..\Images\KarmaSpiritBind.png = ..\Images\KarmaSpiritBind.png
		..\Images\Karthus.png = ..\Images\Karthus.png
		..\Images\Karthus_Passive.png = ..\Images\Karthus_Passive.png
		..\Images\KarthusDefile.png = ..\Images\KarthusDefile.png
		..\Images\KarthusFallenOne.png = ..\Images\KarthusFallenOne.png
		..\Images\KarthusLayWasteA1.png = ..\Images\KarthusLayWasteA1.png
		..\Images\KarthusWallOfPain.png = ..\Images\KarthusWallOfPain.png
		..\Images\Kassadin.png = ..\Images\Kassadin.png
		..\Images\Kassadin_Passive.png = ..\Images\Kassadin_Passive.png
		..\Images\Katarina.png = ..\Images\Katarina.png
		..\Images\Katarina_Passive.png = ..\Images\Katarina_Passive.png
		..\Images\KatarinaE.png = ..\Images\KatarinaE.png
		..\Images\KatarinaQ.png = ..\Images\KatarinaQ.png
		..\Images\KatarinaR.png = ..\Images\KatarinaR.png
		..\Images\KatarinaW.png = ..\Images\KatarinaW.png
		..\Images\Kayle.png = ..\Images\Kayle.png
		..\Images\Kayle_Passive.png = ..\Images\Kayle_Passive.png
		..\Images\Kennen.png = ..\Images\Kennen.png
		..\Images\Kennen_Passive.png = ..\Images\Kennen_Passive.png
		..\Images\KennenBringTheLight.png = ..\Images\KennenBringTheLight.png
		..\Images\KennenLightningRush.png = ..\Images\KennenLightningRush.png
		..\Images\KennenShurikenHurlMissile1.png = ..\Images\KennenShurikenHurlMissile1.png
		..\Images\KennenShurikenStorm.png = ..\Images\KennenShurikenStorm.png
		..\Images\Masochism.png = ..\Images\Masochism.png
		..\Images\MissileBarrage.png = ..\Images\MissileBarrage.png
		..\Images\MoltenShield.png = ..\Images\MoltenShield.png
		..\Images\NetherBlade.png = ..\Images\NetherBlade.png
		..\Images\NullLance.png = ..\Images\NullLance.png
		..\Images\Overdrive.png = ..\Images\Overdrive.png
		..\Images\PhosphorusBomb.png = ..\Images\PhosphorusBomb.png
		..\Images\PowerFist.png = ..\Images\PowerFist.png
		..\Images\Pulverize.png = ..\Images\Pulverize.png
		..\Images\ReapTheWhirlwind.png = ..\Images\ReapTheWhirlwind.png
		..\Images\RiftWalk.png = ..\Images\RiftWalk.png
		..\Images\RocketGrab.png = ..\Images\RocketGrab.png
		..\Images\Rupture.png = ..\Images\Rupture.png
		..\Images\Sadism.png = ..\Images\Sadism.png
		..\Images\SadMummy_CorpseExplosion.png = ..\Images\SadMummy_CorpseExplosion.png
		..\Images\SowTheWind.png = ..\Images\SowTheWind.png
		..\Images\StaticField.png = ..\Images\StaticField.png
		..\Images\Tantrum.png = ..\Images\Tantrum.png
		..\Images\Terrify.png = ..\Images\Terrify.png
		..\Images\TriumphantRoar.png = ..\Images\TriumphantRoar.png
		..\Images\Volley.png = ..\Images\Volley.png
		..\Images\VorpalSpikes.png = ..\Images\VorpalSpikes.png
	EndProjectSection
EndProject
Global
	GlobalSection(SolutionConfigurationPlatforms) = preSolution
		Debug|Any CPU = Debug|Any CPU
		Release|Any CPU = Release|Any CPU
	EndGlobalSection
	GlobalSection(ProjectConfigurationPlatforms) = postSolution
		{1110B688-A42E-448F-8DC2-BF7889AE9CD3}.Debug|Any CPU.ActiveCfg = Debug|Any CPU
		{1110B688-A42E-448F-8DC2-BF7889AE9CD3}.Debug|Any CPU.Build.0 = Debug|Any CPU
		{1110B688-A42E-448F-8DC2-BF7889AE9CD3}.Release|Any CPU.ActiveCfg = Release|Any CPU
		{1110B688-A42E-448F-8DC2-BF7889AE9CD3}.Release|Any CPU.Build.0 = Release|Any CPU
		{68C09E64-EC3B-4CDB-84AD-8FD232EAB9C6}.Debug|Any CPU.ActiveCfg = Debug|Any CPU
		{68C09E64-EC3B-4CDB-84AD-8FD232EAB9C6}.Debug|Any CPU.Build.0 = Debug|Any CPU
		{68C09E64-EC3B-4CDB-84AD-8FD232EAB9C6}.Release|Any CPU.ActiveCfg = Release|Any CPU
		{68C09E64-EC3B-4CDB-84AD-8FD232EAB9C6}.Release|Any CPU.Build.0 = Release|Any CPU
		{A29C117B-6773-4671-B240-087FC0944A72}.Debug|Any CPU.ActiveCfg = Debug|Any CPU
		{A29C117B-6773-4671-B240-087FC0944A72}.Debug|Any CPU.Build.0 = Debug|Any CPU
		{A29C117B-6773-4671-B240-087FC0944A72}.Release|Any CPU.ActiveCfg = Release|Any CPU
		{A29C117B-6773-4671-B240-087FC0944A72}.Release|Any CPU.Build.0 = Release|Any CPU
		{D918A802-9A53-44B8-BEBB-754E86FEEC49}.Debug|Any CPU.ActiveCfg = Debug|Any CPU
		{D918A802-9A53-44B8-BEBB-754E86FEEC49}.Debug|Any CPU.Build.0 = Debug|Any CPU
		{D918A802-9A53-44B8-BEBB-754E86FEEC49}.Release|Any CPU.ActiveCfg = Release|Any CPU
		{D918A802-9A53-44B8-BEBB-754E86FEEC49}.Release|Any CPU.Build.0 = Release|Any CPU
		{07698CB0-5A2C-496E-B4B1-CBD933E571BA}.Debug|Any CPU.ActiveCfg = Debug|Any CPU
		{07698CB0-5A2C-496E-B4B1-CBD933E571BA}.Debug|Any CPU.Build.0 = Debug|Any CPU
		{07698CB0-5A2C-496E-B4B1-CBD933E571BA}.Release|Any CPU.ActiveCfg = Release|Any CPU
		{07698CB0-5A2C-496E-B4B1-CBD933E571BA}.Release|Any CPU.Build.0 = Release|Any CPU
	EndGlobalSection
	GlobalSection(SolutionProperties) = preSolution
		HideSolutionNode = FALSE
	EndGlobalSection
EndGlobal
